
Microsoft Visual Studio Solution File, Format Version 12.00
# Visual Studio Version 17
VisualStudioVersion = 17.2.32630.192
MinimumVisualStudioVersion = 10.0.40219.1
Project("{8BC9CEB8-8B4A-11D0-8D11-00A0C91BC942}") = "c-language-end-report", "c-language-end-report\c-language-end-report.vcxproj", "{9BC46042-9338-4450-BE40-856FC599E338}"
EndProject
Global
	GlobalSection(SolutionConfigurationPlatforms) = preSolution
		Debug|x64 = Debug|x64
		Debug|x86 = Debug|x86
		Release|x64 = Release|x64
		Release|x86 = Release|x86
	EndGlobalSection
	GlobalSection(ProjectConfigurationPlatforms) = postSolution
		{9BC46042-9338-4450-BE40-856FC599E338}.Debug|x64.ActiveCfg = Debug|x64
		{9BC46042-9338-4450-BE40-856FC599E338}.Debug|x64.Build.0 = Debug|x64
		{9BC46042-9338-4450-BE40-856FC599E338}.Debug|x86.ActiveCfg = Debug|Win32
		{9BC46042-9338-4450-BE40-856FC599E338}.Debug|x86.Build.0 = Debug|Win32
		{9BC46042-9338-4450-BE40-856FC599E338}.Release|x64.ActiveCfg = Release|x64
		{9BC46042-9338-4450-BE40-856FC599E338}.Release|x64.Build.0 = Release|x64
		{9BC46042-9338-4450-BE40-856FC599E338}.Release|x86.ActiveCfg = Release|Win32
		{9BC46042-9338-4450-BE40-856FC599E338}.Release|x86.Build.0 = Release|Win32
	EndGlobalSection
	GlobalSection(SolutionProperties) = preSolution
		HideSolutionNode = FALSE
	EndGlobalSection
	GlobalSection(ExtensibilityGlobals) = postSolution
		SolutionGuid = {60614BF4-C47D-43C6-9735-AF1407FA8B0C}
	EndGlobalSection
EndGlobal
